
Microsoft Visual Studio Solution File, Format Version 12.00
# Visual Studio Version 17
VisualStudioVersion = 17.5.33424.131
MinimumVisualStudioVersion = 10.0.40219.1
Project("{2150E333-8FDC-42A3-9474-1A3956D46DE8}") = "src", "src", "{8ADCC8E3-2089-472B-97E4-0ED959FE05FF}"
EndProject
Project("{9A19103F-16F7-4668-BE54-9A1E7A4F7556}") = "DemoApp", "src\DemoApp\DemoApp.csproj", "{7056561E-D56A-43BA-93E2-D40061747F5F}"
EndProject
Project("{2150E333-8FDC-42A3-9474-1A3956D46DE8}") = "test", "test", "{AC600B11-84CF-4EE8-998E-C66836B0F077}"
EndProject
Project("{9A19103F-16F7-4668-BE54-9A1E7A4F7556}") = "DemoApp.Test", "test\WpfDemo.Test\DemoApp.Test.csproj", "{0ECAEE2B-356F-4C93-943F-967C326420EC}"
EndProject
Project("{2150E333-8FDC-42A3-9474-1A3956D46DE8}") = "Solution Items", "Solution Items", "{AE540346-0272-4373-8CB4-8742978A2FFF}"
	ProjectSection(SolutionItems) = preProject
		.editorconfig = .editorconfig
	EndProjectSection
EndProject
Global
	GlobalSection(SolutionConfigurationPlatforms) = preSolution
		Debug|Any CPU = Debug|Any CPU
		Debug|x64 = Debug|x64
		Debug|x86 = Debug|x86
		Release|Any CPU = Release|Any CPU
		Release|x64 = Release|x64
		Release|x86 = Release|x86
	EndGlobalSection
	GlobalSection(ProjectConfigurationPlatforms) = postSolution
		{7056561E-D56A-43BA-93E2-D40061747F5F}.Debug|Any CPU.ActiveCfg = Debug|Any CPU
		{7056561E-D56A-43BA-93E2-D40061747F5F}.Debug|Any CPU.Build.0 = Debug|Any CPU
		{7056561E-D56A-43BA-93E2-D40061747F5F}.Debug|x64.ActiveCfg = Debug|Any CPU
		{7056561E-D56A-43BA-93E2-D40061747F5F}.Debug|x64.Build.0 = Debug|Any CPU
		{7056561E-D56A-43BA-93E2-D40061747F5F}.Debug|x86.ActiveCfg = Debug|Any CPU
		{7056561E-D56A-43BA-93E2-D40061747F5F}.Debug|x86.Build.0 = Debug|Any CPU
		{7056561E-D56A-43BA-93E2-D40061747F5F}.Release|Any CPU.ActiveCfg = Release|Any CPU
		{7056561E-D56A-43BA-93E2-D40061747F5F}.Release|Any CPU.Build.0 = Release|Any CPU
		{7056561E-D56A-43BA-93E2-D40061747F5F}.Release|x64.ActiveCfg = Release|Any CPU
		{7056561E-D56A-43BA-93E2-D40061747F5F}.Release|x64.Build.0 = Release|Any CPU
		{7056561E-D56A-43BA-93E2-D40061747F5F}.Release|x86.ActiveCfg = Release|Any CPU
		{7056561E-D56A-43BA-93E2-D40061747F5F}.Release|x86.Build.0 = Release|Any CPU
		{0ECAEE2B-356F-4C93-943F-967C326420EC}.Debug|Any CPU.ActiveCfg = Debug|Any CPU
		{0ECAEE2B-356F-4C93-943F-967C326420EC}.Debug|Any CPU.Build.0 = Debug|Any CPU
		{0ECAEE2B-356F-4C93-943F-967C326420EC}.Debug|x64.ActiveCfg = Debug|Any CPU
		{0ECAEE2B-356F-4C93-943F-967C326420EC}.Debug|x64.Build.0 = Debug|Any CPU
		{0ECAEE2B-356F-4C93-943F-967C326420EC}.Debug|x86.ActiveCfg = Debug|Any CPU
		{0ECAEE2B-356F-4C93-943F-967C326420EC}.Debug|x86.Build.0 = Debug|Any CPU
		{0ECAEE2B-356F-4C93-943F-967C326420EC}.Release|Any CPU.ActiveCfg = Release|Any CPU
		{0ECAEE2B-356F-4C93-943F-967C326420EC}.Release|Any CPU.Build.0 = Release|Any CPU
		{0ECAEE2B-356F-4C93-943F-967C326420EC}.Release|x64.ActiveCfg = Release|Any CPU
		{0ECAEE2B-356F-4C93-943F-967C326420EC}.Release|x64.Build.0 = Release|Any CPU
		{0ECAEE2B-356F-4C93-943F-967C326420EC}.Release|x86.ActiveCfg = Release|Any CPU
		{0ECAEE2B-356F-4C93-943F-967C326420EC}.Release|x86.Build.0 = Release|Any CPU
	EndGlobalSection
	GlobalSection(SolutionProperties) = preSolution
		HideSolutionNode = FALSE
	EndGlobalSection
	GlobalSection(NestedProjects) = preSolution
		{7056561E-D56A-43BA-93E2-D40061747F5F} = {8ADCC8E3-2089-472B-97E4-0ED959FE05FF}
		{0ECAEE2B-356F-4C93-943F-967C326420EC} = {AC600B11-84CF-4EE8-998E-C66836B0F077}
	EndGlobalSection
	GlobalSection(ExtensibilityGlobals) = postSolution
		SolutionGuid = {CC04CB90-4004-449D-A122-948C865DFB20}
	EndGlobalSection
EndGlobal
